
Microsoft Visual Studio Solution File, Format Version 12.00
# Visual Studio Version 17
VisualStudioVersion = 17.1.32421.90
MinimumVisualStudioVersion = 10.0.40219.1
Project("{FAE04EC0-301F-11D3-BF4B-00C04F79EFBC}") = "Logger_w_Backups", "Logger_w_Backups.csproj", "{3D7C7AAB-B65E-4DAD-A3FE-99F9C39DBD4C}"
EndProject
Global
	GlobalSection(SolutionConfigurationPlatforms) = preSolution
		Debug|Any CPU = Debug|Any CPU
		Release|Any CPU = Release|Any CPU
	EndGlobalSection
	GlobalSection(ProjectConfigurationPlatforms) = postSolution
		{3D7C7AAB-B65E-4DAD-A3FE-99F9C39DBD4C}.Debug|Any CPU.ActiveCfg = Debug|Any CPU
		{3D7C7AAB-B65E-4DAD-A3FE-99F9C39DBD4C}.Debug|Any CPU.Build.0 = Debug|Any CPU
		{3D7C7AAB-B65E-4DAD-A3FE-99F9C39DBD4C}.Release|Any CPU.ActiveCfg = Release|Any CPU
		{3D7C7AAB-B65E-4DAD-A3FE-99F9C39DBD4C}.Release|Any CPU.Build.0 = Release|Any CPU
	EndGlobalSection
	GlobalSection(SolutionProperties) = preSolution
		HideSolutionNode = FALSE
	EndGlobalSection
	GlobalSection(ExtensibilityGlobals) = postSolution
		SolutionGuid = {584F5B90-6D99-448B-9AF8-75763CD76C0B}
	EndGlobalSection
EndGlobal
